
Microsoft Visual Studio Solution File, Format Version 12.00
# Visual Studio 15
VisualStudioVersion = 15.0.28218.60
MinimumVisualStudioVersion = 10.0.40219.1
Project("{FAE04EC0-301F-11D3-BF4B-00C04F79EFBC}") = "jpegdump", "src\jpegdump.csproj", "{1D7A9650-15B7-4A0E-A58B-CCA9A13C63E4}"
EndProject
Global
	GlobalSection(SolutionConfigurationPlatforms) = preSolution
		Debug|Any CPU = Debug|Any CPU
		Release|Any CPU = Release|Any CPU
	EndGlobalSection
	GlobalSection(ProjectConfigurationPlatforms) = postSolution
		{1D7A9650-15B7-4A0E-A58B-CCA9A13C63E4}.Debug|Any CPU.ActiveCfg = Debug|Any CPU
		{1D7A9650-15B7-4A0E-A58B-CCA9A13C63E4}.Debug|Any CPU.Build.0 = Debug|Any CPU
		{1D7A9650-15B7-4A0E-A58B-CCA9A13C63E4}.Release|Any CPU.ActiveCfg = Release|Any CPU
		{1D7A9650-15B7-4A0E-A58B-CCA9A13C63E4}.Release|Any CPU.Build.0 = Release|Any CPU
	EndGlobalSection
	GlobalSection(SolutionProperties) = preSolution
		HideSolutionNode = FALSE
	EndGlobalSection
	GlobalSection(ExtensibilityGlobals) = postSolution
		SolutionGuid = {9525DD64-B721-418F-9ADF-9A7CE1040D00}
	EndGlobalSection
EndGlobal
